
Microsoft Visual Studio Solution File, Format Version 12.00
# Visual Studio 15
VisualStudioVersion = 15.0.28307.1231
MinimumVisualStudioVersion = 10.0.40219.1
Project("{FAE04EC0-301F-11D3-BF4B-00C04F79EFBC}") = "htmlders", "htmlders\htmlders.csproj", "{A0EDA665-F17E-4A97-9CED-78F984205234}"
EndProject
Global
	GlobalSection(SolutionConfigurationPlatforms) = preSolution
		Debug|Any CPU = Debug|Any CPU
		Release|Any CPU = Release|Any CPU
	EndGlobalSection
	GlobalSection(ProjectConfigurationPlatforms) = postSolution
		{A0EDA665-F17E-4A97-9CED-78F984205234}.Debug|Any CPU.ActiveCfg = Debug|Any CPU
		{A0EDA665-F17E-4A97-9CED-78F984205234}.Debug|Any CPU.Build.0 = Debug|Any CPU
		{A0EDA665-F17E-4A97-9CED-78F984205234}.Release|Any CPU.ActiveCfg = Release|Any CPU
		{A0EDA665-F17E-4A97-9CED-78F984205234}.Release|Any CPU.Build.0 = Release|Any CPU
	EndGlobalSection
	GlobalSection(SolutionProperties) = preSolution
		HideSolutionNode = FALSE
	EndGlobalSection
	GlobalSection(ExtensibilityGlobals) = postSolution
		SolutionGuid = {83AAF3DC-0F18-475C-A210-C65779C49227}
	EndGlobalSection
EndGlobal
